PODS:
  - GoogleMaps (2.3.1):
    - GoogleMaps/Maps (= 2.3.1)
  - GoogleMaps/Base (2.3.1)
  - GoogleMaps/Maps (2.3.1):
    - GoogleMaps/Base
  - HGCircularSlider (2.0.0)

DEPENDENCIES:
  - GoogleMaps
  - HGCircularSlider (~> 2.0.0)

SPEC CHECKSUMS:
  GoogleMaps: c66a71058b9b1294bcdd5463a68e357fa50c079f
  HGCircularSlider: 92e2ee098c814709f455b8f46cd9008147f6a869

PODFILE CHECKSUM: 85743e4685291a66d2c1ef8eee7c9b6929985c84

COCOAPODS: 1.2.1
